// !$*UTF8*$!
{
	archiveVersion = 1;
	classes = {
	};
	objectVersion = 50;
	objects = {

/* Begin PBXBuildFile section */
		182339E82438E93800ECE2F5 /* AppDelegate.m in Sources */ = {isa = PBXBuildFile; fileRef = 182339E72438E93800ECE2F5 /* AppDelegate.m */; };
		182339EB2438E93800ECE2F5 /* SceneDelegate.m in Sources */ = {isa = PBXBuildFile; fileRef = 182339EA2438E93800ECE2F5 /* SceneDelegate.m */; };
		182339EE2438E93800ECE2F5 /* ViewController.m in Sources */ = {isa = PBXBuildFile; fileRef = 182339ED2438E93800ECE2F5 /* ViewController.m */; };
		182339F12438E93800ECE2F5 /* Main.storyboard in Resources */ = {isa = PBXBuildFile; fileRef = 182339EF2438E93800ECE2F5 /* Main.storyboard */; };
		182339F32438E93B00ECE2F5 /* Assets.xcassets in Resources */ = {isa = PBXBuildFile; fileRef = 182339F22438E93B00ECE2F5 /* Assets.xcassets */; };
		182339F62438E93B00ECE2F5 /* LaunchScreen.storyboard in Resources */ = {isa = PBXBuildFile; fileRef = 182339F42438E93B00ECE2F5 /* LaunchScreen.storyboard */; };
		182339F92438E93B00ECE2F5 /* main.m in Sources */ = {isa = PBXBuildFile; fileRef = 182339F82438E93B00ECE2F5 /* main.m */; };
		18233A032438E93B00ECE2F5 /* Component_TestTests.m in Sources */ = {isa = PBXBuildFile; fileRef = 18233A022438E93B00ECE2F5 /* Component_TestTests.m */; };
		18233A0E2438E93B00ECE2F5 /* Component_TestUITests.m in Sources */ = {isa = PBXBuildFile; fileRef = 18233A0D2438E93B00ECE2F5 /* Component_TestUITests.m */; };
/* End PBXBuildFile section */

/* Begin PBXContainerItemProxy section */
		182339FF2438E93B00ECE2F5 /* PBXContainerItemProxy */ = {
			isa = PBXContainerItemProxy;
			containerPortal = 182339DB2438E93800ECE2F5 /* Project object */;
			proxyType = 1;
			remoteGlobalIDString = 182339E22438E93800ECE2F5;
			remoteInfo = Component_Test;
		};
		18233A0A2438E93B00ECE2F5 /* PBXContainerItemProxy */ = {
			isa = PBXContainerItemProxy;
			containerPortal = 182339DB2438E93800ECE2F5 /* Project object */;
			proxyType = 1;
			remoteGlobalIDString = 182339E22438E93800ECE2F5;
			remoteInfo = Component_Test;
		};
/* End PBXContainerItemProxy section */

/* Begin PBXFileReference section */
		182339E32438E93800ECE2F5 /* Component_Test.app */ = {isa = PBXFileReference; explicitFileType = wrapper.application; includeInIndex = 0; path = Component_Test.app; sourceTree = BUILT_PRODUCTS_DIR; };
		182339E62438E93800ECE2F5 /* AppDelegate.h */ = {isa = PBXFileReference; lastKnownFileType = sourcecode.c.h; path = AppDelegate.h; sourceTree = "<group>"; };
		182339E72438E93800ECE2F5 /* AppDelegate.m */ = {isa = PBXFileReference; lastKnownFileType = sourcecode.c.objc; path = AppDelegate.m; sourceTree = "<group>"; };
		182339E92438E93800ECE2F5 /* SceneDelegate.h */ = {isa = PBXFileReference; lastKnownFileType = sourcecode.c.h; path = SceneDelegate.h; sourceTree = "<group>"; };
		182339EA2438E93800ECE2F5 /* SceneDelegate.m */ = {isa = PBXFileReference; lastKnownFileType = sourcecode.c.objc; path = SceneDelegate.m; sourceTree = "<group>"; };
		182339EC2438E93800ECE2F5 /* ViewController.h */ = {isa = PBXFileReference; lastKnownFileType = sourcecode.c.h; path = ViewController.h; sourceTree = "<group>"; };
		182339ED2438E93800ECE2F5 /* ViewController.m */ = {isa = PBXFileReference; lastKnownFileType = sourcecode.c.objc; path = ViewController.m; sourceTree = "<group>"; };
		182339F02438E93800ECE2F5 /* Base */ = {isa = PBXFileReference; lastKnownFileType = file.storyboard; name = Base; path = Base.lproj/Main.storyboard; sourceTree = "<group>"; };
		182339F22438E93B00ECE2F5 /* Assets.xcassets */ = {isa = PBXFileReference; lastKnownFileType = folder.assetcatalog; path = Assets.xcassets; sourceTree = "<group>"; };
		182339F52438E93B00ECE2F5 /* Base */ = {isa = PBXFileReference; lastKnownFileType = file.storyboard; name = Base; path = Base.lproj/LaunchScreen.storyboard; sourceTree = "<group>"; };
		182339F72438E93B00ECE2F5 /* Info.plist */ = {isa = PBXFileReference; lastKnownFileType = text.plist.xml; path = Info.plist; sourceTree = "<group>"; };
		182339F82438E93B00ECE2F5 /* main.m */ = {isa = PBXFileReference; lastKnownFileType = sourcecode.c.objc; path = main.m; sourceTree = "<group>"; };
		182339FE2438E93B00ECE2F5 /* Component_TestTests.xctest */ = {isa = PBXFileReference; explicitFileType = wrapper.cfbundle; includeInIndex = 0; path = Component_TestTests.xctest; sourceTree = BUILT_PRODUCTS_DIR; };
		18233A022438E93B00ECE2F5 /* Component_TestTests.m */ = {isa = PBXFileReference; lastKnownFileType = sourcecode.c.objc; path = Component_TestTests.m; sourceTree = "<group>"; };
		18233A042438E93B00ECE2F5 /* Info.plist */ = {isa = PBXFileReference; lastKnownFileType = text.plist.xml; path = Info.plist; sourceTree = "<group>"; };
		18233A092438E93B00ECE2F5 /* Component_TestUITests.xctest */ = {isa = PBXFileReference; explicitFileType = wrapper.cfbundle; includeInIndex = 0; path = Component_TestUITests.xctest; sourceTree = BUILT_PRODUCTS_DIR; };
		18233A0D2438E93B00ECE2F5 /* Component_TestUITests.m */ = {isa = PBXFileReference; lastKnownFileType = sourcecode.c.objc; path = Component_TestUITests.m; sourceTree = "<group>"; };
		18233A0F2438E93B00ECE2F5 /* Info.plist */ = {isa = PBXFileReference; lastKnownFileType = text.plist.xml; path = Info.plist; sourceTree = "<group>"; };
/* End PBXFileReference section */

/* Begin PBXFrameworksBuildPhase section */
		182339E02438E93800ECE2F5 /* Frameworks */ = {
			isa = PBXFrameworksBuildPhase;
			buildActionMask = 2147483647;
			files = (
			);
			runOnlyForDeploymentPostprocessing = 0;
		};
		182339FB2438E93B00ECE2F5 /* Frameworks */ = {
			isa = PBXFrameworksBuildPhase;
			buildActionMask = 2147483647;
			files = (
			);
			runOnlyForDeploymentPostprocessing = 0;
		};
		18233A062438E93B00ECE2F5 /* Frameworks */ = {
			isa = PBXFrameworksBuildPhase;
			buildActionMask = 2147483647;
			files = (
			);
			runOnlyForDeploymentPostprocessing = 0;
		};
/* End PBXFrameworksBuildPhase section */

/* Begin PBXGroup section */
		182339DA2438E93800ECE2F5 = {
			isa = PBXGroup;
			children = (
				182339E52438E93800ECE2F5 /* Component_Test */,
				18233A012438E93B00ECE2F5 /* Component_TestTests */,
				18233A0C2438E93B00ECE2F5 /* Component_TestUITests */,
				182339E42438E93800ECE2F5 /* Products */,
			);
			sourceTree = "<group>";
		};
		182339E42438E93800ECE2F5 /* Products */ = {
			isa = PBXGroup;
			children = (
				182339E32438E93800ECE2F5 /* Component_Test.app */,
				182339FE2438E93B00ECE2F5 /* Component_TestTests.xctest */,
				18233A092438E93B00ECE2F5 /* Component_TestUITests.xctest */,
			);
			name = Products;
			sourceTree = "<group>";
		};
		182339E52438E93800ECE2F5 /* Component_Test */ = {
			isa = PBXGroup;
			children = (
				182339E62438E93800ECE2F5 /* AppDelegate.h */,
				182339E72438E93800ECE2F5 /* AppDelegate.m */,
				182339E92438E93800ECE2F5 /* SceneDelegate.h */,
				182339EA2438E93800ECE2F5 /* SceneDelegate.m */,
				182339EC2438E93800ECE2F5 /* ViewController.h */,
				182339ED2438E93800ECE2F5 /* ViewController.m */,
				182339EF2438E93800ECE2F5 /* Main.storyboard */,
				182339F22438E93B00ECE2F5 /* Assets.xcassets */,
				182339F42438E93B00ECE2F5 /* LaunchScreen.storyboard */,
				182339F72438E93B00ECE2F5 /* Info.plist */,
				182339F82438E93B00ECE2F5 /* main.m */,
			);
			path = Component_Test;
			sourceTree = "<group>";
		};
		18233A012438E93B00ECE2F5 /* Component_TestTests */ = {
			isa = PBXGroup;
			children = (
				18233A022438E93B00ECE2F5 /* Component_TestTests.m */,
				18233A042438E93B00ECE2F5 /* Info.plist */,
			);
			path = Component_TestTests;
			sourceTree = "<group>";
		};
		18233A0C2438E93B00ECE2F5 /* Component_TestUITests */ = {
			isa = PBXGroup;
			children = (
				18233A0D2438E93B00ECE2F5 /* Component_TestUITests.m */,
				18233A0F2438E93B00ECE2F5 /* Info.plist */,
			);
			path = Component_TestUITests;
			sourceTree = "<group>";
		};
/* End PBXGroup section */

/* Begin PBXNativeTarget section */
		182339E22438E93800ECE2F5 /* Component_Test */ = {
			isa = PBXNativeTarget;
			buildConfigurationList = 18233A122438E93B00ECE2F5 /* Build configuration list for PBXNativeTarget "Component_Test" */;
			buildPhases = (
				182339DF2438E93800ECE2F5 /* Sources */,
				182339E02438E93800ECE2F5 /* Frameworks */,
				182339E12438E93800ECE2F5 /* Resources */,
			);
			buildRules = (
			);
			dependencies = (
			);
			name = Component_Test;
			productName = Component_Test;
			productReference = 182339E32438E93800ECE2F5 /* Component_Test.app */;
			productType = "com.apple.product-type.application";
		};
		182339FD2438E93B00ECE2F5 /* Component_TestTests */ = {
			isa = PBXNativeTarget;
			buildConfigurationList = 18233A152438E93B00ECE2F5 /* Build configuration list for PBXNativeTarget "Component_TestTests" */;
			buildPhases = (
				182339FA2438E93B00ECE2F5 /* Sources */,
				182339FB2438E93B00ECE2F5 /* Frameworks */,
				182339FC2438E93B00ECE2F5 /* Resources */,
			);
			buildRules = (
			);
			dependencies = (
				18233A002438E93B00ECE2F5 /* PBXTargetDependency */,
			);
			name = Component_TestTests;
			productName = Component_TestTests;
			productReference = 182339FE2438E93B00ECE2F5 /* Component_TestTests.xctest */;
			productType = "com.apple.product-type.bundle.unit-test";
		};
		18233A082438E93B00ECE2F5 /* Component_TestUITests */ = {
			isa = PBXNativeTarget;
			buildConfigurationList = 18233A182438E93B00ECE2F5 /* Build configuration list for PBXNativeTarget "Component_TestUITests" */;
			buildPhases = (
				18233A052438E93B00ECE2F5 /* Sources */,
				18233A062438E93B00ECE2F5 /* Frameworks */,
				18233A072438E93B00ECE2F5 /* Resources */,
			);
			buildRules = (
			);
			dependencies = (
				18233A0B2438E93B00ECE2F5 /* PBXTargetDependency */,
			);
			name = Component_TestUITests;
			productName = Component_TestUITests;
			productReference = 18233A092438E93B00ECE2F5 /* Component_TestUITests.xctest */;
			productType = "com.apple.product-type.bundle.ui-testing";
		};
/* End PBXNativeTarget section */

/* Begin PBXProject section */
		182339DB2438E93800ECE2F5 /* Project object */ = {
			isa = PBXProject;
			attributes = {
				LastUpgradeCheck = 1140;
				ORGANIZATIONNAME = com.fengge.com;
				TargetAttributes = {
					182339E22438E93800ECE2F5 = {
						CreatedOnToolsVersion = 11.4;
					};
					182339FD2438E93B00ECE2F5 = {
						CreatedOnToolsVersion = 11.4;
						TestTargetID = 182339E22438E93800ECE2F5;
					};
					18233A082438E93B00ECE2F5 = {
						CreatedOnToolsVersion = 11.4;
						TestTargetID = 182339E22438E93800ECE2F5;
					};
				};
			};
			buildConfigurationList = 182339DE2438E93800ECE2F5 /* Build configuration list for PBXProject "Component_Test" */;
			compatibilityVersion = "Xcode 9.3";
			developmentRegion = en;
			hasScannedForEncodings = 0;
			knownRegions = (
				en,
				Base,
			);
			mainGroup = 182339DA2438E93800ECE2F5;
			productRefGroup = 182339E42438E93800ECE2F5 /* Products */;
			projectDirPath = "";
			projectRoot = "";
			targets = (
				182339E22438E93800ECE2F5 /* Component_Test */,
				182339FD2438E93B00ECE2F5 /* Component_TestTests */,
				18233A082438E93B00ECE2F5 /* Component_TestUITests */,
			);
		};
/* End PBXProject section */

/* Begin PBXResourcesBuildPhase section */
		182339E12438E93800ECE2F5 /* Resources */ = {
			isa = PBXResourcesBuildPhase;
			buildActionMask = 2147483647;
			files = (
				182339F62438E93B00ECE2F5 /* LaunchScreen.storyboard in Resources */,
				182339F32438E93B00ECE2F5 /* Assets.xcassets in Resources */,
				182339F12438E93800ECE2F5 /* Main.storyboard in Resources */,
			);
			runOnlyForDeploymentPostprocessing = 0;
		};
		182339FC2438E93B00ECE2F5 /* Resources */ = {
			isa = PBXResourcesBuildPhase;
			buildActionMask = 2147483647;
			files = (
			);
			runOnlyForDeploymentPostprocessing = 0;
		};
		18233A072438E93B00ECE2F5 /* Resources */ = {
			isa = PBXResourcesBuildPhase;
			buildActionMask = 2147483647;
			files = (
			);
			runOnlyForDeploymentPostprocessing = 0;
		};
/* End PBXResourcesBuildPhase section */

/* Begin PBXSourcesBuildPhase section */
		182339DF2438E93800ECE2F5 /* Sources */ = {
			isa = PBXSourcesBuildPhase;
			buildActionMask = 2147483647;
			files = (
				182339EE2438E93800ECE2F5 /* ViewController.m in Sources */,
				182339E82438E93800ECE2F5 /* AppDelegate.m in Sources */,
				182339F92438E93B00ECE2F5 /* main.m in Sources */,
				182339EB2438E93800ECE2F5 /* SceneDelegate.m in Sources */,
			);
			runOnlyForDeploymentPostprocessing = 0;
		};
		182339FA2438E93B00ECE2F5 /* Sources */ = {
			isa = PBXSourcesBuildPhase;
			buildActionMask = 2147483647;
			files = (
				18233A032438E93B00ECE2F5 /* Component_TestTests.m in Sources */,
			);
			runOnlyForDeploymentPostprocessing = 0;
		};
		18233A052438E93B00ECE2F5 /* Sources */ = {
			isa = PBXSourcesBuildPhase;
			buildActionMask = 2147483647;
			files = (
				18233A0E2438E93B00ECE2F5 /* Component_TestUITests.m in Sources */,
			);
			runOnlyForDeploymentPostprocessing = 0;
		};
/* End PBXSourcesBuildPhase section */

/* Begin PBXTargetDependency section */
		18233A002438E93B00ECE2F5 /* PBXTargetDependency */ = {
			isa = PBXTargetDependency;
			target = 182339E22438E93800ECE2F5 /* Component_Test */;
			targetProxy = 182339FF2438E93B00ECE2F5 /* PBXContainerItemProxy */;
		};
		18233A0B2438E93B00ECE2F5 /* PBXTargetDependency */ = {
			isa = PBXTargetDependency;
			target = 182339E22438E93800ECE2F5 /* Component_Test */;
			targetProxy = 18233A0A2438E93B00ECE2F5 /* PBXContainerItemProxy */;
		};
/* End PBXTargetDependency section */

/* Begin PBXVariantGroup section */
		182339EF2438E93800ECE2F5 /* Main.storyboard */ = {
			isa = PBXVariantGroup;
			children = (
				182339F02438E93800ECE2F5 /* Base */,
			);
			name = Main.storyboard;
			sourceTree = "<group>";
		};
		182339F42438E93B00ECE2F5 /* LaunchScreen.storyboard */ = {
			isa = PBXVariantGroup;
			children = (
				182339F52438E93B00ECE2F5 /* Base */,
			);
			name = LaunchScreen.storyboard;
			sourceTree = "<group>";
		};
/* End PBXVariantGroup section */

/* Begin XCBuildConfiguration section */
		18233A102438E93B00ECE2F5 /* Debug */ = {
			isa = XCBuildConfiguration;
			buildSettings = {
				ALWAYS_SEARCH_USER_PATHS = NO;
				CLANG_ANALYZER_NONNULL = YES;
				CLANG_ANALYZER_NUMBER_OBJECT_CONVERSION = YES_AGGRESSIVE;
				CLANG_CXX_LANGUAGE_STANDARD = "gnu++14";
				CLANG_CXX_LIBRARY = "libc++";
				CLANG_ENABLE_MODULES = YES;
				CLANG_ENABLE_OBJC_ARC = YES;
				CLANG_ENABLE_OBJC_WEAK = YES;
				CLANG_WARN_BLOCK_CAPTURE_AUTORELEASING = YES;
				CLANG_WARN_BOOL_CONVERSION = YES;
				CLANG_WARN_COMMA = YES;
				CLANG_WARN_CONSTANT_CONVERSION = YES;
				CLANG_WARN_DEPRECATED_OBJC_IMPLEMENTATIONS = YES;
				CLANG_WARN_DIRECT_OBJC_ISA_USAGE = YES_ERROR;
				CLANG_WARN_DOCUMENTATION_COMMENTS = YES;
				CLANG_WARN_EMPTY_BODY = YES;
				CLANG_WARN_ENUM_CONVERSION = YES;
				CLANG_WARN_INFINITE_RECURSION = YES;
				CLANG_WARN_INT_CONVERSION = YES;
				CLANG_WARN_NON_LITERAL_NULL_CONVERSION = YES;
				CLANG_WARN_OBJC_IMPLICIT_RETAIN_SELF = YES;
				CLANG_WARN_OBJC_LITERAL_CONVERSION = YES;
				CLANG_WARN_OBJC_ROOT_CLASS = YES_ERROR;
				CLANG_WARN_RANGE_LOOP_ANALYSIS = YES;
				CLANG_WARN_STRICT_PROTOTYPES = YES;
				CLANG_WARN_SUSPICIOUS_MOVE = YES;
				CLANG_WARN_UNGUARDED_AVAILABILITY = YES_AGGRESSIVE;
				CLANG_WARN_UNREACHABLE_CODE = YES;
				CLANG_WARN__DUPLICATE_METHOD_MATCH = YES;
				COPY_PHASE_STRIP = NO;
				DEBUG_INFORMATION_FORMAT = dwarf;
				ENABLE_STRICT_OBJC_MSGSEND = YES;
				ENABLE_TESTABILITY = YES;
				GCC_C_LANGUAGE_STANDARD = gnu11;
				GCC_DYNAMIC_NO_PIC = NO;
				GCC_NO_COMMON_BLOCKS = YES;
				GCC_OPTIMIZATION_LEVEL = 0;
				GCC_PREPROCESSOR_DEFINITIONS = (
					"DEBUG=1",
					"$(inherited)",
				);
				GCC_WARN_64_TO_32_BIT_CONVERSION = YES;
				GCC_WARN_ABOUT_RETURN_TYPE = YES_ERROR;
				GCC_WARN_UNDECLARED_SELECTOR = YES;
				GCC_WARN_UNINITIALIZED_AUTOS = YES_AGGRESSIVE;
				GCC_WARN_UNUSED_FUNCTION = YES;
				GCC_WARN_UNUSED_VARIABLE = YES;
				IPHONEOS_DEPLOYMENT_TARGET = 13.4;
				MTL_ENABLE_DEBUG_INFO = INCLUDE_SOURCE;
				MTL_FAST_MATH = YES;
				ONLY_ACTIVE_ARCH = YES;
				SDKROOT = iphoneos;
			};
			name = Debug;
		};
		18233A112438E93B00ECE2F5 /* Release */ = {
			isa = XCBuildConfiguration;
			buildSettings = {
				ALWAYS_SEARCH_USER_PATHS = NO;
				CLANG_ANALYZER_NONNULL = YES;
				CLANG_ANALYZER_NUMBER_OBJECT_CONVERSION = YES_AGGRESSIVE;
				CLANG_CXX_LANGUAGE_STANDARD = "gnu++14";
				CLANG_CXX_LIBRARY = "libc++";
				CLANG_ENABLE_MODULES = YES;
				CLANG_ENABLE_OBJC_ARC = YES;
				CLANG_ENABLE_OBJC_WEAK = YES;
				CLANG_WARN_BLOCK_CAPTURE_AUTORELEASING = YES;
				CLANG_WARN_BOOL_CONVERSION = YES;
				CLANG_WARN_COMMA = YES;
				CLANG_WARN_CONSTANT_CONVERSION = YES;
				CLANG_WARN_DEPRECATED_OBJC_IMPLEMENTATIONS = YES;
				CLANG_WARN_DIRECT_OBJC_ISA_USAGE = YES_ERROR;
				CLANG_WARN_DOCUMENTATION_COMMENTS = YES;
				CLANG_WARN_EMPTY_BODY = YES;
				CLANG_WARN_ENUM_CONVERSION = YES;
				CLANG_WARN_INFINITE_RECURSION = YES;
				CLANG_WARN_INT_CONVERSION = YES;
				CLANG_WARN_NON_LITERAL_NULL_CONVERSION = YES;
				CLANG_WARN_OBJC_IMPLICIT_RETAIN_SELF = YES;
				CLANG_WARN_OBJC_LITERAL_CONVERSION = YES;
				CLANG_WARN_OBJC_ROOT_CLASS = YES_ERROR;
				CLANG_WARN_RANGE_LOOP_ANALYSIS = YES;
				CLANG_WARN_STRICT_PROTOTYPES = YES;
				CLANG_WARN_SUSPICIOUS_MOVE = YES;
				CLANG_WARN_UNGUARDED_AVAILABILITY = YES_AGGRESSIVE;
				CLANG_WARN_UNREACHABLE_CODE = YES;
				CLANG_WARN__DUPLICATE_METHOD_MATCH = YES;
				COPY_PHASE_STRIP = NO;
				DEBUG_INFORMATION_FORMAT = "dwarf-with-dsym";
				ENABLE_NS_ASSERTIONS = NO;
				ENABLE_STRICT_OBJC_MSGSEND = YES;
				GCC_C_LANGUAGE_STANDARD = gnu11;
				GCC_NO_COMMON_BLOCKS = YES;
				GCC_WARN_64_TO_32_BIT_CONVERSION = YES;
				GCC_WARN_ABOUT_RETURN_TYPE = YES_ERROR;
				GCC_WARN_UNDECLARED_SELECTOR = YES;
				GCC_WARN_UNINITIALIZED_AUTOS = YES_AGGRESSIVE;
				GCC_WARN_UNUSED_FUNCTION = YES;
				GCC_WARN_UNUSED_VARIABLE = YES;
				IPHONEOS_DEPLOYMENT_TARGET = 13.4;
				MTL_ENABLE_DEBUG_INFO = NO;
				MTL_FAST_MATH = YES;
				SDKROOT = iphoneos;
				VALIDATE_PRODUCT = YES;
			};
			name = Release;
		};
		18233A132438E93B00ECE2F5 /* Debug */ = {
			isa = XCBuildConfiguration;
			buildSettings = {
				ASSETCATALOG_COMPILER_APPICON_NAME = AppIcon;
				CODE_SIGN_STYLE = Automatic;
				DEVELOPMENT_TEAM = 426XB943CZ;
				INFOPLIST_FILE = Component_Test/Info.plist;
				LD_RUNPATH_SEARCH_PATHS = (
					"$(inherited)",
					"@executable_path/Frameworks",
				);
				PRODUCT_BUNDLE_IDENTIFIER = "fengge.Component-Test";
				PRODUCT_NAME = "$(TARGET_NAME)";
				TARGETED_DEVICE_FAMILY = "1,2";
			};
			name = Debug;
		};
		18233A142438E93B00ECE2F5 /* Release */ = {
			isa = XCBuildConfiguration;
			buildSettings = {
				ASSETCATALOG_COMPILER_APPICON_NAME = AppIcon;
				CODE_SIGN_STYLE = Automatic;
				DEVELOPMENT_TEAM = 426XB943CZ;
				INFOPLIST_FILE = Component_Test/Info.plist;
				LD_RUNPATH_SEARCH_PATHS = (
					"$(inherited)",
					"@executable_path/Frameworks",
				);
				PRODUCT_BUNDLE_IDENTIFIER = "fengge.Component-Test";
				PRODUCT_NAME = "$(TARGET_NAME)";
				TARGETED_DEVICE_FAMILY = "1,2";
			};
			name = Release;
		};
		18233A162438E93B00ECE2F5 /* Debug */ = {
			isa = XCBuildConfiguration;
			buildSettings = {
				BUNDLE_LOADER = "$(TEST_HOST)";
				CODE_SIGN_STYLE = Automatic;
				DEVELOPMENT_TEAM = 426XB943CZ;
				INFOPLIST_FILE = Component_TestTests/Info.plist;
				IPHONEOS_DEPLOYMENT_TARGET = 13.4;
				LD_RUNPATH_SEARCH_PATHS = (
					"$(inherited)",
					"@executable_path/Frameworks",
					"@loader_path/Frameworks",
				);
				PRODUCT_BUNDLE_IDENTIFIER = "fengge.Component-TestTests";
				PRODUCT_NAME = "$(TARGET_NAME)";
				TARGETED_DEVICE_FAMILY = "1,2";
				TEST_HOST = "$(BUILT_PRODUCTS_DIR)/Component_Test.app/Component_Test";
			};
			name = Debug;
		};
		18233A172438E93B00ECE2F5 /* Release */ = {
			isa = XCBuildConfiguration;
			buildSettings = {
				BUNDLE_LOADER = "$(TEST_HOST)";
				CODE_SIGN_STYLE = Automatic;
				DEVELOPMENT_TEAM = 426XB943CZ;
				INFOPLIST_FILE = Component_TestTests/Info.plist;
				IPHONEOS_DEPLOYMENT_TARGET = 13.4;
				LD_RUNPATH_SEARCH_PATHS = (
					"$(inherited)",
					"@executable_path/Frameworks",
					"@loader_path/Frameworks",
				);
				PRODUCT_BUNDLE_IDENTIFIER = "fengge.Component-TestTests";
				PRODUCT_NAME = "$(TARGET_NAME)";
				TARGETED_DEVICE_FAMILY = "1,2";
				TEST_HOST = "$(BUILT_PRODUCTS_DIR)/Component_Test.app/Component_Test";
			};
			name = Release;
		};
		18233A192438E93B00ECE2F5 /* Debug */ = {
			isa = XCBuildConfiguration;
			buildSettings = {
				CODE_SIGN_STYLE = Automatic;
				DEVELOPMENT_TEAM = 426XB943CZ;
				INFOPLIST_FILE = Component_TestUITests/Info.plist;
				LD_RUNPATH_SEARCH_PATHS = (
					"$(inherited)",
					"@executable_path/Frameworks",
					"@loader_path/Frameworks",
				);
				PRODUCT_BUNDLE_IDENTIFIER = "fengge.Component-TestUITests";
				PRODUCT_NAME = "$(TARGET_NAME)";
				TARGETED_DEVICE_FAMILY = "1,2";
				TEST_TARGET_NAME = Component_Test;
			};
			name = Debug;
		};
		18233A1A2438E93B00ECE2F5 /* Release */ = {
			isa = XCBuildConfiguration;
			buildSettings = {
				CODE_SIGN_STYLE = Automatic;
				DEVELOPMENT_TEAM = 426XB943CZ;
				INFOPLIST_FILE = Component_TestUITests/Info.plist;
				LD_RUNPATH_SEARCH_PATHS = (
					"$(inherited)",
					"@executable_path/Frameworks",
					"@loader_path/Frameworks",
				);
				PRODUCT_BUNDLE_IDENTIFIER = "fengge.Component-TestUITests";
				PRODUCT_NAME = "$(TARGET_NAME)";
				TARGETED_DEVICE_FAMILY = "1,2";
				TEST_TARGET_NAME = Component_Test;
			};
			name = Release;
		};
/* End XCBuildConfiguration section */

/* Begin XCConfigurationList section */
		182339DE2438E93800ECE2F5 /* Build configuration list for PBXProject "Component_Test" */ = {
			isa = XCConfigurationList;
			buildConfigurations = (
				18233A102438E93B00ECE2F5 /* Debug */,
				18233A112438E93B00ECE2F5 /* Release */,
			);
			defaultConfigurationIsVisible = 0;
			defaultConfigurationName = Release;
		};
		18233A122438E93B00ECE2F5 /* Build configuration list for PBXNativeTarget "Component_Test" */ = {
			isa = XCConfigurationList;
			buildConfigurations = (
				18233A132438E93B00ECE2F5 /* Debug */,
				18233A142438E93B00ECE2F5 /* Release */,
			);
			defaultConfigurationIsVisible = 0;
			defaultConfigurationName = Release;
		};
		18233A152438E93B00ECE2F5 /* Build configuration list for PBXNativeTarget "Component_TestTests" */ = {
			isa = XCConfigurationList;
			buildConfigurations = (
				18233A162438E93B00ECE2F5 /* Debug */,
				18233A172438E93B00ECE2F5 /* Release */,
			);
			defaultConfigurationIsVisible = 0;
			defaultConfigurationName = Release;
		};
		18233A182438E93B00ECE2F5 /* Build configuration list for PBXNativeTarget "Component_TestUITests" */ = {
			isa = XCConfigurationList;
			buildConfigurations = (
				18233A192438E93B00ECE2F5 /* Debug */,
				18233A1A2438E93B00ECE2F5 /* Release */,
			);
			defaultConfigurationIsVisible = 0;
			defaultConfigurationName = Release;
		};
/* End XCConfigurationList section */
	};
	rootObject = 182339DB2438E93800ECE2F5 /* Project object */;
}
